Microsoft Visual Studio Solution File, Format Version 11.00
# Visual Studio 2010
Project("{FAE04EC0-301F-11D3-BF4B-00C04F79EFBC}") = "Raven.Client.Lightweight", "Raven.Client.Lightweight\Raven.Client.Lightweight.csproj", "{4E087ECB-E7CA-4891-AC3C-3C76702715B6}"
EndProject
Project("{FAE04EC0-301F-11D3-BF4B-00C04F79EFBC}") = "Raven.Abstractions", "Raven.Abstractions\Raven.Abstractions.csproj", "{41AC479E-1EB2-4D23-AAF2-E4C8DF1BC2BA}"
EndProject
Project("{FAE04EC0-301F-11D3-BF4B-00C04F79EFBC}") = "Raven.Client.Lightweight.g.3.5", "Raven.Client.Lightweight\Raven.Client.Lightweight.g.3.5.csproj", "{49E90093-6700-4712-8527-616244221259}"
EndProject
Project("{FAE04EC0-301F-11D3-BF4B-00C04F79EFBC}") = "Raven.Abstractions.g.3.5", "Raven.Abstractions\Raven.Abstractions.g.3.5.csproj", "{4C18FC25-0B1E-42E3-A423-3A99F1AC57EE}"
EndProject
Project("{FAE04EC0-301F-11D3-BF4B-00C04F79EFBC}") = "Raven.Client.Silverlight", "Raven.Client.Silverlight\Raven.Client.Silverlight.csproj", "{8A1DB308-D56B-49BC-A421-A2AB32617215}"
EndProject
Project("{FAE04EC0-301F-11D3-BF4B-00C04F79EFBC}") = "Raven.Client.MvcIntegration", "Raven.Client.MvcIntegration\Raven.Client.MvcIntegration.csproj", "{AA580048-17C7-4B1E-AA3A-321157CF3511}"
EndProject
Project("{F2A71F9B-5D33-465A-A702-920D77279786}") = "Raven.Client.Lightweight.FSharp", "Raven.Client.Lightweight.FSharp\Raven.Client.Lightweight.FSharp.fsproj", "{6996133D-EE21-4CC8-B29B-F6222EE476BB}"
EndProject
Project("{FAE04EC0-301F-11D3-BF4B-00C04F79EFBC}") = "Raven.Client.Silverlight.g.4", "Raven.Client.Silverlight\Raven.Client.Silverlight.g.4.csproj", "{E5D4EE45-489D-481F-A2B0-E638763BB30A}"
EndProject
Project("{2150E333-8FDC-42A3-9474-1A3956D46DE8}") = "Tests", "Tests", "{3617B75B-4CD6-4420-86B9-CACDC3C00D47}"
EndProject
Project("{FAE04EC0-301F-11D3-BF4B-00C04F79EFBC}") = "Raven.Client.Tests", "Raven.Client.Tests\Raven.Client.Tests.csproj", "{FC4C0A0E-3734-43FB-A6D9-3720E166EF91}"
EndProject
Global
	GlobalSection(SolutionConfigurationPlatforms) = preSolution
		Debug|Any CPU = Debug|Any CPU
		Debug|Mixed Platforms = Debug|Mixed Platforms
		Debug|x86 = Debug|x86
		Release|Any CPU = Release|Any CPU
		Release|Mixed Platforms = Release|Mixed Platforms
		Release|x86 = Release|x86
	EndGlobalSection
	GlobalSection(ProjectConfigurationPlatforms) = postSolution
		{4E087ECB-E7CA-4891-AC3C-3C76702715B6}.Debug|Any CPU.ActiveCfg = Debug|Any CPU
		{4E087ECB-E7CA-4891-AC3C-3C76702715B6}.Debug|Any CPU.Build.0 = Debug|Any CPU
		{4E087ECB-E7CA-4891-AC3C-3C76702715B6}.Debug|Mixed Platforms.ActiveCfg = Debug|Any CPU
		{4E087ECB-E7CA-4891-AC3C-3C76702715B6}.Debug|Mixed Platforms.Build.0 = Debug|Any CPU
		{4E087ECB-E7CA-4891-AC3C-3C76702715B6}.Debug|x86.ActiveCfg = Debug|Any CPU
		{4E087ECB-E7CA-4891-AC3C-3C76702715B6}.Release|Any CPU.ActiveCfg = Release|Any CPU
		{4E087ECB-E7CA-4891-AC3C-3C76702715B6}.Release|Any CPU.Build.0 = Release|Any CPU
		{4E087ECB-E7CA-4891-AC3C-3C76702715B6}.Release|Mixed Platforms.ActiveCfg = Release|Any CPU
		{4E087ECB-E7CA-4891-AC3C-3C76702715B6}.Release|Mixed Platforms.Build.0 = Release|Any CPU
		{4E087ECB-E7CA-4891-AC3C-3C76702715B6}.Release|x86.ActiveCfg = Release|Any CPU
		{41AC479E-1EB2-4D23-AAF2-E4C8DF1BC2BA}.Debug|Any CPU.ActiveCfg = Debug|Any CPU
		{41AC479E-1EB2-4D23-AAF2-E4C8DF1BC2BA}.Debug|Any CPU.Build.0 = Debug|Any CPU
		{41AC479E-1EB2-4D23-AAF2-E4C8DF1BC2BA}.Debug|Mixed Platforms.ActiveCfg = Debug|Any CPU
		{41AC479E-1EB2-4D23-AAF2-E4C8DF1BC2BA}.Debug|Mixed Platforms.Build.0 = Debug|Any CPU
		{41AC479E-1EB2-4D23-AAF2-E4C8DF1BC2BA}.Debug|x86.ActiveCfg = Debug|Any CPU
		{41AC479E-1EB2-4D23-AAF2-E4C8DF1BC2BA}.Release|Any CPU.ActiveCfg = Release|Any CPU
		{41AC479E-1EB2-4D23-AAF2-E4C8DF1BC2BA}.Release|Any CPU.Build.0 = Release|Any CPU
		{41AC479E-1EB2-4D23-AAF2-E4C8DF1BC2BA}.Release|Mixed Platforms.ActiveCfg = Release|Any CPU
		{41AC479E-1EB2-4D23-AAF2-E4C8DF1BC2BA}.Release|Mixed Platforms.Build.0 = Release|Any CPU
		{41AC479E-1EB2-4D23-AAF2-E4C8DF1BC2BA}.Release|x86.ActiveCfg = Release|Any CPU
		{49E90093-6700-4712-8527-616244221259}.Debug|Any CPU.ActiveCfg = Debug|Any CPU
		{49E90093-6700-4712-8527-616244221259}.Debug|Any CPU.Build.0 = Debug|Any CPU
		{49E90093-6700-4712-8527-616244221259}.Debug|Mixed Platforms.ActiveCfg = Debug|Any CPU
		{49E90093-6700-4712-8527-616244221259}.Debug|Mixed Platforms.Build.0 = Debug|Any CPU
		{49E90093-6700-4712-8527-616244221259}.Debug|x86.ActiveCfg = Debug|Any CPU
		{49E90093-6700-4712-8527-616244221259}.Release|Any CPU.ActiveCfg = Release|Any CPU
		{49E90093-6700-4712-8527-616244221259}.Release|Any CPU.Build.0 = Release|Any CPU
		{49E90093-6700-4712-8527-616244221259}.Release|Mixed Platforms.ActiveCfg = Release|Any CPU
		{49E90093-6700-4712-8527-616244221259}.Release|Mixed Platforms.Build.0 = Release|Any CPU
		{49E90093-6700-4712-8527-616244221259}.Release|x86.ActiveCfg = Release|Any CPU
		{4C18FC25-0B1E-42E3-A423-3A99F1AC57EE}.Debug|Any CPU.ActiveCfg = Debug|Any CPU
		{4C18FC25-0B1E-42E3-A423-3A99F1AC57EE}.Debug|Any CPU.Build.0 = Debug|Any CPU
		{4C18FC25-0B1E-42E3-A423-3A99F1AC57EE}.Debug|Mixed Platforms.ActiveCfg = Debug|Any CPU
		{4C18FC25-0B1E-42E3-A423-3A99F1AC57EE}.Debug|Mixed Platforms.Build.0 = Debug|Any CPU
		{4C18FC25-0B1E-42E3-A423-3A99F1AC57EE}.Debug|x86.ActiveCfg = Debug|Any CPU
		{4C18FC25-0B1E-42E3-A423-3A99F1AC57EE}.Release|Any CPU.ActiveCfg = Release|Any CPU
		{4C18FC25-0B1E-42E3-A423-3A99F1AC57EE}.Release|Any CPU.Build.0 = Release|Any CPU
		{4C18FC25-0B1E-42E3-A423-3A99F1AC57EE}.Release|Mixed Platforms.ActiveCfg = Release|Any CPU
		{4C18FC25-0B1E-42E3-A423-3A99F1AC57EE}.Release|Mixed Platforms.Build.0 = Release|Any CPU
		{4C18FC25-0B1E-42E3-A423-3A99F1AC57EE}.Release|x86.ActiveCfg = Release|Any CPU
		{8A1DB308-D56B-49BC-A421-A2AB32617215}.Debug|Any CPU.ActiveCfg = Debug|Any CPU
		{8A1DB308-D56B-49BC-A421-A2AB32617215}.Debug|Any CPU.Build.0 = Debug|Any CPU
		{8A1DB308-D56B-49BC-A421-A2AB32617215}.Debug|Mixed Platforms.ActiveCfg = Debug|Any CPU
		{8A1DB308-D56B-49BC-A421-A2AB32617215}.Debug|Mixed Platforms.Build.0 = Debug|Any CPU
		{8A1DB308-D56B-49BC-A421-A2AB32617215}.Debug|x86.ActiveCfg = Debug|Any CPU
		{8A1DB308-D56B-49BC-A421-A2AB32617215}.Release|Any CPU.ActiveCfg = Release|Any CPU
		{8A1DB308-D56B-49BC-A421-A2AB32617215}.Release|Any CPU.Build.0 = Release|Any CPU
		{8A1DB308-D56B-49BC-A421-A2AB32617215}.Release|Mixed Platforms.ActiveCfg = Release|Any CPU
		{8A1DB308-D56B-49BC-A421-A2AB32617215}.Release|Mixed Platforms.Build.0 = Release|Any CPU
		{8A1DB308-D56B-49BC-A421-A2AB32617215}.Release|x86.ActiveCfg = Release|Any CPU
		{AA580048-17C7-4B1E-AA3A-321157CF3511}.Debug|Any CPU.ActiveCfg = Debug|Any CPU
		{AA580048-17C7-4B1E-AA3A-321157CF3511}.Debug|Any CPU.Build.0 = Debug|Any CPU
		{AA580048-17C7-4B1E-AA3A-321157CF3511}.Debug|Mixed Platforms.ActiveCfg = Debug|Any CPU
		{AA580048-17C7-4B1E-AA3A-321157CF3511}.Debug|Mixed Platforms.Build.0 = Debug|Any CPU
		{AA580048-17C7-4B1E-AA3A-321157CF3511}.Debug|x86.ActiveCfg = Debug|Any CPU
		{AA580048-17C7-4B1E-AA3A-321157CF3511}.Release|Any CPU.ActiveCfg = Release|Any CPU
		{AA580048-17C7-4B1E-AA3A-321157CF3511}.Release|Any CPU.Build.0 = Release|Any CPU
		{AA580048-17C7-4B1E-AA3A-321157CF3511}.Release|Mixed Platforms.ActiveCfg = Release|Any CPU
		{AA580048-17C7-4B1E-AA3A-321157CF3511}.Release|Mixed Platforms.Build.0 = Release|Any CPU
		{AA580048-17C7-4B1E-AA3A-321157CF3511}.Release|x86.ActiveCfg = Release|Any CPU
		{6996133D-EE21-4CC8-B29B-F6222EE476BB}.Debug|Any CPU.ActiveCfg = Debug|Any CPU
		{6996133D-EE21-4CC8-B29B-F6222EE476BB}.Debug|Any CPU.Build.0 = Debug|Any CPU
		{6996133D-EE21-4CC8-B29B-F6222EE476BB}.Debug|Mixed Platforms.ActiveCfg = Debug|Any CPU
		{6996133D-EE21-4CC8-B29B-F6222EE476BB}.Debug|Mixed Platforms.Build.0 = Debug|Any CPU
		{6996133D-EE21-4CC8-B29B-F6222EE476BB}.Debug|x86.ActiveCfg = Debug|Any CPU
		{6996133D-EE21-4CC8-B29B-F6222EE476BB}.Release|Any CPU.ActiveCfg = Release|Any CPU
		{6996133D-EE21-4CC8-B29B-F6222EE476BB}.Release|Any CPU.Build.0 = Release|Any CPU
		{6996133D-EE21-4CC8-B29B-F6222EE476BB}.Release|Mixed Platforms.ActiveCfg = Release|Any CPU
		{6996133D-EE21-4CC8-B29B-F6222EE476BB}.Release|Mixed Platforms.Build.0 = Release|Any CPU
		{6996133D-EE21-4CC8-B29B-F6222EE476BB}.Release|x86.ActiveCfg = Release|Any CPU
		{E5D4EE45-489D-481F-A2B0-E638763BB30A}.Debug|Any CPU.ActiveCfg = Debug|Any CPU
		{E5D4EE45-489D-481F-A2B0-E638763BB30A}.Debug|Any CPU.Build.0 = Debug|Any CPU
		{E5D4EE45-489D-481F-A2B0-E638763BB30A}.Debug|Mixed Platforms.ActiveCfg = Debug|Any CPU
		{E5D4EE45-489D-481F-A2B0-E638763BB30A}.Debug|Mixed Platforms.Build.0 = Debug|Any CPU
		{E5D4EE45-489D-481F-A2B0-E638763BB30A}.Debug|x86.ActiveCfg = Debug|Any CPU
		{E5D4EE45-489D-481F-A2B0-E638763BB30A}.Release|Any CPU.ActiveCfg = Release|Any CPU
		{E5D4EE45-489D-481F-A2B0-E638763BB30A}.Release|Any CPU.Build.0 = Release|Any CPU
		{E5D4EE45-489D-481F-A2B0-E638763BB30A}.Release|Mixed Platforms.ActiveCfg = Release|Any CPU
		{E5D4EE45-489D-481F-A2B0-E638763BB30A}.Release|Mixed Platforms.Build.0 = Release|Any CPU
		{E5D4EE45-489D-481F-A2B0-E638763BB30A}.Release|x86.ActiveCfg = Release|Any CPU
		{FC4C0A0E-3734-43FB-A6D9-3720E166EF91}.Debug|Any CPU.ActiveCfg = Debug|Any CPU
		{FC4C0A0E-3734-43FB-A6D9-3720E166EF91}.Debug|Any CPU.Build.0 = Debug|Any CPU
		{FC4C0A0E-3734-43FB-A6D9-3720E166EF91}.Debug|Mixed Platforms.ActiveCfg = Debug|Any CPU
		{FC4C0A0E-3734-43FB-A6D9-3720E166EF91}.Debug|Mixed Platforms.Build.0 = Debug|Any CPU
		{FC4C0A0E-3734-43FB-A6D9-3720E166EF91}.Debug|x86.ActiveCfg = Debug|Any CPU
		{FC4C0A0E-3734-43FB-A6D9-3720E166EF91}.Release|Any CPU.ActiveCfg = Release|Any CPU
		{FC4C0A0E-3734-43FB-A6D9-3720E166EF91}.Release|Any CPU.Build.0 = Release|Any CPU
		{FC4C0A0E-3734-43FB-A6D9-3720E166EF91}.Release|Mixed Platforms.ActiveCfg = Release|Any CPU
		{FC4C0A0E-3734-43FB-A6D9-3720E166EF91}.Release|Mixed Platforms.Build.0 = Release|Any CPU
		{FC4C0A0E-3734-43FB-A6D9-3720E166EF91}.Release|x86.ActiveCfg = Release|Any CPU
	EndGlobalSection
	GlobalSection(SolutionProperties) = preSolution
		HideSolutionNode = FALSE
	EndGlobalSection
	GlobalSection(NestedProjects) = preSolution
		{FC4C0A0E-3734-43FB-A6D9-3720E166EF91} = {3617B75B-4CD6-4420-86B9-CACDC3C00D47}
	EndGlobalSection
EndGlobal
